// !$*UTF8*$!
{
	archiveVersion = 1;
	classes = {
	};
	objectVersion = 77;
	objects = {

/* Begin PBXBuildFile section */
		C210B2BE2D568A1F00D32EC1 /* GoogleService-Info.plist in Resources */ = {isa = PBXBuildFile; fileRef = C210B2BD2D568A1F00D32EC1 /* GoogleService-Info.plist */; };
		C210B2BF2D568A1F00D32EC1 /* GoogleService-Info.plist in Resources */ = {isa = PBXBuildFile; fileRef = C210B2BD2D568A1F00D32EC1 /* GoogleService-Info.plist */; };
		C274B31E2D564E06005591F8 /* FirebaseAnalytics in Frameworks */ = {isa = PBXBuildFile; productRef = C274B31D2D564E06005591F8 /* FirebaseAnalytics */; };
		C274B3202D564E06005591F8 /* FirebaseAnalyticsOnDeviceConversion in Frameworks */ = {isa = PBXBuildFile; productRef = C274B31F2D564E06005591F8 /* FirebaseAnalyticsOnDeviceConversion */; };
		C274B3222D564E06005591F8 /* FirebaseAnalyticsWithoutAdIdSupport in Frameworks */ = {isa = PBXBuildFile; productRef = C274B3212D564E06005591F8 /* FirebaseAnalyticsWithoutAdIdSupport */; };
		C274B3242D564E06005591F8 /* FirebaseAppCheck in Frameworks */ = {isa = PBXBuildFile; productRef = C274B3232D564E06005591F8 /* FirebaseAppCheck */; };
		C274B3262D564E06005591F8 /* FirebaseAppDistribution-Beta in Frameworks */ = {isa = PBXBuildFile; productRef = C274B3252D564E06005591F8 /* FirebaseAppDistribution-Beta */; };
		C274B3282D564E06005591F8 /* FirebaseAuth in Frameworks */ = {isa = PBXBuildFile; productRef = C274B3272D564E06005591F8 /* FirebaseAuth */; };
		C274B32A2D564E06005591F8 /* FirebaseAuthCombine-Community in Frameworks */ = {isa = PBXBuildFile; productRef = C274B3292D564E06005591F8 /* FirebaseAuthCombine-Community */; };
		C274B32C2D564E06005591F8 /* FirebaseCore in Frameworks */ = {isa = PBXBuildFile; productRef = C274B32B2D564E06005591F8 /* FirebaseCore */; };
		C274B32E2D564E06005591F8 /* FirebaseCrashlytics in Frameworks */ = {isa = PBXBuildFile; productRef = C274B32D2D564E06005591F8 /* FirebaseCrashlytics */; };
		C274B3302D564E06005591F8 /* FirebaseDatabase in Frameworks */ = {isa = PBXBuildFile; productRef = C274B32F2D564E06005591F8 /* FirebaseDatabase */; };
		C274B3322D564E06005591F8 /* FirebaseDynamicLinks in Frameworks */ = {isa = PBXBuildFile; productRef = C274B3312D564E06005591F8 /* FirebaseDynamicLinks */; };
		C274B3342D564E06005591F8 /* FirebaseFirestore in Frameworks */ = {isa = PBXBuildFile; productRef = C274B3332D564E06005591F8 /* FirebaseFirestore */; };
		C274B3362D564E06005591F8 /* FirebaseFirestoreCombine-Community in Frameworks */ = {isa = PBXBuildFile; productRef = C274B3352D564E06005591F8 /* FirebaseFirestoreCombine-Community */; };
		C274B3382D564E06005591F8 /* FirebaseFunctions in Frameworks */ = {isa = PBXBuildFile; productRef = C274B3372D564E06005591F8 /* FirebaseFunctions */; };
		C274B33A2D564E06005591F8 /* FirebaseFunctionsCombine-Community in Frameworks */ = {isa = PBXBuildFile; productRef = C274B3392D564E06005591F8 /* FirebaseFunctionsCombine-Community */; };
		C274B33C2D564E06005591F8 /* FirebaseInAppMessaging-Beta in Frameworks */ = {isa = PBXBuildFile; productRef = C274B33B2D564E06005591F8 /* FirebaseInAppMessaging-Beta */; };
		C274B33E2D564E07005591F8 /* FirebaseInstallations in Frameworks */ = {isa = PBXBuildFile; productRef = C274B33D2D564E06005591F8 /* FirebaseInstallations */; };
		C274B3402D564E07005591F8 /* FirebaseMLModelDownloader in Frameworks */ = {isa = PBXBuildFile; productRef = C274B33F2D564E07005591F8 /* FirebaseMLModelDownloader */; };
		C274B3422D564E07005591F8 /* FirebaseMessaging in Frameworks */ = {isa = PBXBuildFile; productRef = C274B3412D564E07005591F8 /* FirebaseMessaging */; };
		C274B3442D564E07005591F8 /* FirebasePerformance in Frameworks */ = {isa = PBXBuildFile; productRef = C274B3432D564E07005591F8 /* FirebasePerformance */; };
		C274B3462D564E07005591F8 /* FirebaseRemoteConfig in Frameworks */ = {isa = PBXBuildFile; productRef = C274B3452D564E07005591F8 /* FirebaseRemoteConfig */; };
		C274B3482D564E07005591F8 /* FirebaseStorage in Frameworks */ = {isa = PBXBuildFile; productRef = C274B3472D564E07005591F8 /* FirebaseStorage */; };
		C274B34A2D564E07005591F8 /* FirebaseStorageCombine-Community in Frameworks */ = {isa = PBXBuildFile; productRef = C274B3492D564E07005591F8 /* FirebaseStorageCombine-Community */; };
		C274B34C2D564E07005591F8 /* FirebaseVertexAI in Frameworks */ = {isa = PBXBuildFile; productRef = C274B34B2D564E07005591F8 /* FirebaseVertexAI */; };
		C274B3532D564F1A005591F8 /* FirebaseCore in Frameworks */ = {isa = PBXBuildFile; productRef = C274B3522D564F1A005591F8 /* FirebaseCore */; };
		C274B3552D564F22005591F8 /* FirebaseDatabase in Frameworks */ = {isa = PBXBuildFile; productRef = C274B3542D564F22005591F8 /* FirebaseDatabase */; };
		C29902022D56400F001C3E4F /* HexWatchApp Watch App.app in Embed Watch Content */ = {isa = PBXBuildFile; fileRef = C29901DF2D56400E001C3E4F /* HexWatchApp Watch App.app */; settings = {ATTRIBUTES = (RemoveHeadersOnCopy, ); }; };
		C299020F2D56410F001C3E4F /* Lottie in Frameworks */ = {isa = PBXBuildFile; productRef = C299020E2D56410F001C3E4F /* Lottie */; };
/* End PBXBuildFile section */

/* Begin PBXContainerItemProxy section */
		C279DB732D5639CC00B6B3DC /* PBXContainerItemProxy */ = {
			isa = PBXContainerItemProxy;
			containerPortal = C279DB572D5639CB00B6B3DC /* Project object */;
			proxyType = 1;
			remoteGlobalIDString = C279DB5E2D5639CB00B6B3DC;
			remoteInfo = HEXWatch;
		};
		C279DB7D2D5639CC00B6B3DC /* PBXContainerItemProxy */ = {
			isa = PBXContainerItemProxy;
			containerPortal = C279DB572D5639CB00B6B3DC /* Project object */;
			proxyType = 1;
			remoteGlobalIDString = C279DB5E2D5639CB00B6B3DC;
			remoteInfo = HEXWatch;
		};
		C29901EF2D56400F001C3E4F /* PBXContainerItemProxy */ = {
			isa = PBXContainerItemProxy;
			containerPortal = C279DB572D5639CB00B6B3DC /* Project object */;
			proxyType = 1;
			remoteGlobalIDString = C29901DE2D56400E001C3E4F;
			remoteInfo = "HexWatchApp Watch App";
		};
		C29901F92D56400F001C3E4F /* PBXContainerItemProxy */ = {
			isa = PBXContainerItemProxy;
			containerPortal = C279DB572D5639CB00B6B3DC /* Project object */;
			proxyType = 1;
			remoteGlobalIDString = C29901DE2D56400E001C3E4F;
			remoteInfo = "HexWatchApp Watch App";
		};
		C29902002D56400F001C3E4F /* PBXContainerItemProxy */ = {
			isa = PBXContainerItemProxy;
			containerPortal = C279DB572D5639CB00B6B3DC /* Project object */;
			proxyType = 1;
			remoteGlobalIDString = C29901DE2D56400E001C3E4F;
			remoteInfo = "HexWatchApp Watch App";
		};
/* End PBXContainerItemProxy section */

/* Begin PBXCopyFilesBuildPhase section */
		C29902032D56400F001C3E4F /* Embed Watch Content */ = {
			isa = PBXCopyFilesBuildPhase;
			buildActionMask = 2147483647;
			dstPath = "$(CONTENTS_FOLDER_PATH)/Watch";
			dstSubfolderSpec = 16;
			files = (
				C29902022D56400F001C3E4F /* HexWatchApp Watch App.app in Embed Watch Content */,
			);
			name = "Embed Watch Content";
			runOnlyForDeploymentPostprocessing = 0;
		};
/* End PBXCopyFilesBuildPhase section */

/* Begin PBXFileReference section */
		C210B2BD2D568A1F00D32EC1 /* GoogleService-Info.plist */ = {isa = PBXFileReference; lastKnownFileType = text.plist.xml; path = "GoogleService-Info.plist"; sourceTree = "<group>"; };
		C279DB5F2D5639CB00B6B3DC /* HEXWatch.app */ = {isa = PBXFileReference; explicitFileType = wrapper.application; includeInIndex = 0; path = HEXWatch.app; sourceTree = BUILT_PRODUCTS_DIR; };
		C279DB722D5639CC00B6B3DC /* HEXWatchTests.xctest */ = {isa = PBXFileReference; explicitFileType = wrapper.cfbundle; includeInIndex = 0; path = HEXWatchTests.xctest; sourceTree = BUILT_PRODUCTS_DIR; };
		C279DB7C2D5639CC00B6B3DC /* HEXWatchUITests.xctest */ = {isa = PBXFileReference; explicitFileType = wrapper.cfbundle; includeInIndex = 0; path = HEXWatchUITests.xctest; sourceTree = BUILT_PRODUCTS_DIR; };
		C29901DF2D56400E001C3E4F /* HexWatchApp Watch App.app */ = {isa = PBXFileReference; explicitFileType = wrapper.application; includeInIndex = 0; path = "HexWatchApp Watch App.app"; sourceTree = BUILT_PRODUCTS_DIR; };
		C29901EE2D56400F001C3E4F /* HexWatchApp Watch AppTests.xctest */ = {isa = PBXFileReference; explicitFileType = wrapper.cfbundle; includeInIndex = 0; path = "HexWatchApp Watch AppTests.xctest"; sourceTree = BUILT_PRODUCTS_DIR; };
		C29901F82D56400F001C3E4F /* HexWatchApp Watch AppUITests.xctest */ = {isa = PBXFileReference; explicitFileType = wrapper.cfbundle; includeInIndex = 0; path = "HexWatchApp Watch AppUITests.xctest"; sourceTree = BUILT_PRODUCTS_DIR; };
/* End PBXFileReference section */

/* Begin PBXFileSystemSynchronizedBuildFileExceptionSet section */
		C29902132D564172001C3E4F /* Exceptions for "HEXWatch" folder in "HexWatchApp Watch App" target */ = {
			isa = PBXFileSystemSynchronizedBuildFileExceptionSet;
			membershipExceptions = (
				P266.swift,
			);
			target = C29901DE2D56400E001C3E4F /* HexWatchApp Watch App */;
		};
/* End PBXFileSystemSynchronizedBuildFileExceptionSet section */

/* Begin PBXFileSystemSynchronizedRootGroup section */
		C279DB612D5639CB00B6B3DC /* HEXWatch */ = {
			isa = PBXFileSystemSynchronizedRootGroup;
			exceptions = (
				C29902132D564172001C3E4F /* Exceptions for "HEXWatch" folder in "HexWatchApp Watch App" target */,
			);
			path = HEXWatch;
			sourceTree = "<group>";
		};
		C279DB752D5639CC00B6B3DC /* HEXWatchTests */ = {
			isa = PBXFileSystemSynchronizedRootGroup;
			path = HEXWatchTests;
			sourceTree = "<group>";
		};
		C279DB7F2D5639CC00B6B3DC /* HEXWatchUITests */ = {
			isa = PBXFileSystemSynchronizedRootGroup;
			path = HEXWatchUITests;
			sourceTree = "<group>";
		};
		C29901E02D56400E001C3E4F /* HexWatchApp Watch App */ = {
			isa = PBXFileSystemSynchronizedRootGroup;
			path = "HexWatchApp Watch App";
			sourceTree = "<group>";
		};
		C29901F12D56400F001C3E4F /* HexWatchApp Watch AppTests */ = {
			isa = PBXFileSystemSynchronizedRootGroup;
			path = "HexWatchApp Watch AppTests";
			sourceTree = "<group>";
		};
		C29901FB2D56400F001C3E4F /* HexWatchApp Watch AppUITests */ = {
			isa = PBXFileSystemSynchronizedRootGroup;
			path = "HexWatchApp Watch AppUITests";
			sourceTree = "<group>";
		};
/* End PBXFileSystemSynchronizedRootGroup section */

/* Begin PBXFrameworksBuildPhase section */
		C279DB5C2D5639CB00B6B3DC /* Frameworks */ = {
			isa = PBXFrameworksBuildPhase;
			buildActionMask = 2147483647;
			files = (
				C274B31E2D564E06005591F8 /* FirebaseAnalytics in Frameworks */,
				C274B3342D564E06005591F8 /* FirebaseFirestore in Frameworks */,
				C274B3202D564E06005591F8 /* FirebaseAnalyticsOnDeviceConversion in Frameworks */,
				C274B33E2D564E07005591F8 /* FirebaseInstallations in Frameworks */,
				C299020F2D56410F001C3E4F /* Lottie in Frameworks */,
				C274B3242D564E06005591F8 /* FirebaseAppCheck in Frameworks */,
				C274B33C2D564E06005591F8 /* FirebaseInAppMessaging-Beta in Frameworks */,
				C274B3222D564E06005591F8 /* FirebaseAnalyticsWithoutAdIdSupport in Frameworks */,
				C274B3282D564E06005591F8 /* FirebaseAuth in Frameworks */,
				C274B33A2D564E06005591F8 /* FirebaseFunctionsCombine-Community in Frameworks */,
				C274B34A2D564E07005591F8 /* FirebaseStorageCombine-Community in Frameworks */,
				C274B3262D564E06005591F8 /* FirebaseAppDistribution-Beta in Frameworks */,
				C274B34C2D564E07005591F8 /* FirebaseVertexAI in Frameworks */,
				C274B3482D564E07005591F8 /* FirebaseStorage in Frameworks */,
				C274B3462D564E07005591F8 /* FirebaseRemoteConfig in Frameworks */,
				C274B32E2D564E06005591F8 /* FirebaseCrashlytics in Frameworks */,
				C274B3422D564E07005591F8 /* FirebaseMessaging in Frameworks */,
				C274B3402D564E07005591F8 /* FirebaseMLModelDownloader in Frameworks */,
				C274B3442D564E07005591F8 /* FirebasePerformance in Frameworks */,
				C274B3302D564E06005591F8 /* FirebaseDatabase in Frameworks */,
				C274B32C2D564E06005591F8 /* FirebaseCore in Frameworks */,
				C274B32A2D564E06005591F8 /* FirebaseAuthCombine-Community in Frameworks */,
				C274B3382D564E06005591F8 /* FirebaseFunctions in Frameworks */,
				C274B3322D564E06005591F8 /* FirebaseDynamicLinks in Frameworks */,
				C274B3362D564E06005591F8 /* FirebaseFirestoreCombine-Community in Frameworks */,
			);
			runOnlyForDeploymentPostprocessing = 0;
		};
		C279DB6F2D5639CC00B6B3DC /* Frameworks */ = {
			isa = PBXFrameworksBuildPhase;
			buildActionMask = 2147483647;
			files = (
			);
			runOnlyForDeploymentPostprocessing = 0;
		};
		C279DB792D5639CC00B6B3DC /* Frameworks */ = {
			isa = PBXFrameworksBuildPhase;
			buildActionMask = 2147483647;
			files = (
			);
			runOnlyForDeploymentPostprocessing = 0;
		};
		C29901DC2D56400E001C3E4F /* Frameworks */ = {
			isa = PBXFrameworksBuildPhase;
			buildActionMask = 2147483647;
			files = (
				C274B3552D564F22005591F8 /* FirebaseDatabase in Frameworks */,
				C274B3532D564F1A005591F8 /* FirebaseCore in Frameworks */,
			);
			runOnlyForDeploymentPostprocessing = 0;
		};
		C29901EB2D56400F001C3E4F /* Frameworks */ = {
			isa = PBXFrameworksBuildPhase;
			buildActionMask = 2147483647;
			files = (
			);
			runOnlyForDeploymentPostprocessing = 0;
		};
		C29901F52D56400F001C3E4F /* Frameworks */ = {
			isa = PBXFrameworksBuildPhase;
			buildActionMask = 2147483647;
			files = (
			);
			runOnlyForDeploymentPostprocessing = 0;
		};
/* End PBXFrameworksBuildPhase section */

/* Begin PBXGroup section */
		C274B34D2D564E99005591F8 /* Google info plist */ = {
			isa = PBXGroup;
			children = (
				C210B2BD2D568A1F00D32EC1 /* GoogleService-Info.plist */,
			);
			path = "Google info plist";
			sourceTree = "<group>";
		};
		C274B3512D564F1A005591F8 /* Frameworks */ = {
			isa = PBXGroup;
			children = (
			);
			name = Frameworks;
			sourceTree = "<group>";
		};
		C279DB562D5639CB00B6B3DC = {
			isa = PBXGroup;
			children = (
				C274B34D2D564E99005591F8 /* Google info plist */,
				C279DB612D5639CB00B6B3DC /* HEXWatch */,
				C279DB752D5639CC00B6B3DC /* HEXWatchTests */,
				C279DB7F2D5639CC00B6B3DC /* HEXWatchUITests */,
				C29901E02D56400E001C3E4F /* HexWatchApp Watch App */,
				C29901F12D56400F001C3E4F /* HexWatchApp Watch AppTests */,
				C29901FB2D56400F001C3E4F /* HexWatchApp Watch AppUITests */,
				C274B3512D564F1A005591F8 /* Frameworks */,
				C279DB602D5639CB00B6B3DC /* Products */,
			);
			sourceTree = "<group>";
		};
		C279DB602D5639CB00B6B3DC /* Products */ = {
			isa = PBXGroup;
			children = (
				C279DB5F2D5639CB00B6B3DC /* HEXWatch.app */,
				C279DB722D5639CC00B6B3DC /* HEXWatchTests.xctest */,
				C279DB7C2D5639CC00B6B3DC /* HEXWatchUITests.xctest */,
				C29901DF2D56400E001C3E4F /* HexWatchApp Watch App.app */,
				C29901EE2D56400F001C3E4F /* HexWatchApp Watch AppTests.xctest */,
				C29901F82D56400F001C3E4F /* HexWatchApp Watch AppUITests.xctest */,
			);
			name = Products;
			sourceTree = "<group>";
		};
/* End PBXGroup section */

/* Begin PBXNativeTarget section */
		C279DB5E2D5639CB00B6B3DC /* HEXWatch */ = {
			isa = PBXNativeTarget;
			buildConfigurationList = C279DB862D5639CC00B6B3DC /* Build configuration list for PBXNativeTarget "HEXWatch" */;
			buildPhases = (
				C279DB5B2D5639CB00B6B3DC /* Sources */,
				C279DB5C2D5639CB00B6B3DC /* Frameworks */,
				C279DB5D2D5639CB00B6B3DC /* Resources */,
				C29902032D56400F001C3E4F /* Embed Watch Content */,
			);
			buildRules = (
			);
			dependencies = (
				C29902012D56400F001C3E4F /* PBXTargetDependency */,
			);
			fileSystemSynchronizedGroups = (
				C279DB612D5639CB00B6B3DC /* HEXWatch */,
			);
			name = HEXWatch;
			packageProductDependencies = (
				C299020E2D56410F001C3E4F /* Lottie */,
				C274B31D2D564E06005591F8 /* FirebaseAnalytics */,
				C274B31F2D564E06005591F8 /* FirebaseAnalyticsOnDeviceConversion */,
				C274B3212D564E06005591F8 /* FirebaseAnalyticsWithoutAdIdSupport */,
				C274B3232D564E06005591F8 /* FirebaseAppCheck */,
				C274B3252D564E06005591F8 /* FirebaseAppDistribution-Beta */,
				C274B3272D564E06005591F8 /* FirebaseAuth */,
				C274B3292D564E06005591F8 /* FirebaseAuthCombine-Community */,
				C274B32B2D564E06005591F8 /* FirebaseCore */,
				C274B32D2D564E06005591F8 /* FirebaseCrashlytics */,
				C274B32F2D564E06005591F8 /* FirebaseDatabase */,
				C274B3312D564E06005591F8 /* FirebaseDynamicLinks */,
				C274B3332D564E06005591F8 /* FirebaseFirestore */,
				C274B3352D564E06005591F8 /* FirebaseFirestoreCombine-Community */,
				C274B3372D564E06005591F8 /* FirebaseFunctions */,
				C274B3392D564E06005591F8 /* FirebaseFunctionsCombine-Community */,
				C274B33B2D564E06005591F8 /* FirebaseInAppMessaging-Beta */,
				C274B33D2D564E06005591F8 /* FirebaseInstallations */,
				C274B33F2D564E07005591F8 /* FirebaseMLModelDownloader */,
				C274B3412D564E07005591F8 /* FirebaseMessaging */,
				C274B3432D564E07005591F8 /* FirebasePerformance */,
				C274B3452D564E07005591F8 /* FirebaseRemoteConfig */,
				C274B3472D564E07005591F8 /* FirebaseStorage */,
				C274B3492D564E07005591F8 /* FirebaseStorageCombine-Community */,
				C274B34B2D564E07005591F8 /* FirebaseVertexAI */,
			);
			productName = HEXWatch;
			productReference = C279DB5F2D5639CB00B6B3DC /* HEXWatch.app */;
			productType = "com.apple.product-type.application";
		};
		C279DB712D5639CC00B6B3DC /* HEXWatchTests */ = {
			isa = PBXNativeTarget;
			buildConfigurationList = C279DB892D5639CC00B6B3DC /* Build configuration list for PBXNativeTarget "HEXWatchTests" */;
			buildPhases = (
				C279DB6E2D5639CC00B6B3DC /* Sources */,
				C279DB6F2D5639CC00B6B3DC /* Frameworks */,
				C279DB702D5639CC00B6B3DC /* Resources */,
			);
			buildRules = (
			);
			dependencies = (
				C279DB742D5639CC00B6B3DC /* PBXTargetDependency */,
			);
			fileSystemSynchronizedGroups = (
				C279DB752D5639CC00B6B3DC /* HEXWatchTests */,
			);
			name = HEXWatchTests;
			packageProductDependencies = (
			);
			productName = HEXWatchTests;
			productReference = C279DB722D5639CC00B6B3DC /* HEXWatchTests.xctest */;
			productType = "com.apple.product-type.bundle.unit-test";
		};
		C279DB7B2D5639CC00B6B3DC /* HEXWatchUITests */ = {
			isa = PBXNativeTarget;
			buildConfigurationList = C279DB8C2D5639CC00B6B3DC /* Build configuration list for PBXNativeTarget "HEXWatchUITests" */;
			buildPhases = (
				C279DB782D5639CC00B6B3DC /* Sources */,
				C279DB792D5639CC00B6B3DC /* Frameworks */,
				C279DB7A2D5639CC00B6B3DC /* Resources */,
			);
			buildRules = (
			);
			dependencies = (
				C279DB7E2D5639CC00B6B3DC /* PBXTargetDependency */,
			);
			fileSystemSynchronizedGroups = (
				C279DB7F2D5639CC00B6B3DC /* HEXWatchUITests */,
			);
			name = HEXWatchUITests;
			packageProductDependencies = (
			);
			productName = HEXWatchUITests;
			productReference = C279DB7C2D5639CC00B6B3DC /* HEXWatchUITests.xctest */;
			productType = "com.apple.product-type.bundle.ui-testing";
		};
		C29901DE2D56400E001C3E4F /* HexWatchApp Watch App */ = {
			isa = PBXNativeTarget;
			buildConfigurationList = C299020A2D56400F001C3E4F /* Build configuration list for PBXNativeTarget "HexWatchApp Watch App" */;
			buildPhases = (
				C29901DB2D56400E001C3E4F /* Sources */,
				C29901DC2D56400E001C3E4F /* Frameworks */,
				C29901DD2D56400E001C3E4F /* Resources */,
			);
			buildRules = (
			);
			dependencies = (
			);
			fileSystemSynchronizedGroups = (
				C29901E02D56400E001C3E4F /* HexWatchApp Watch App */,
			);
			name = "HexWatchApp Watch App";
			packageProductDependencies = (
				C274B3522D564F1A005591F8 /* FirebaseCore */,
				C274B3542D564F22005591F8 /* FirebaseDatabase */,
			);
			productName = "HexWatchApp Watch App";
			productReference = C29901DF2D56400E001C3E4F /* HexWatchApp Watch App.app */;
			productType = "com.apple.product-type.application";
		};
		C29901ED2D56400F001C3E4F /* HexWatchApp Watch AppTests */ = {
			isa = PBXNativeTarget;
			buildConfigurationList = C299020B2D56400F001C3E4F /* Build configuration list for PBXNativeTarget "HexWatchApp Watch AppTests" */;
			buildPhases = (
				C29901EA2D56400F001C3E4F /* Sources */,
				C29901EB2D56400F001C3E4F /* Frameworks */,
				C29901EC2D56400F001C3E4F /* Resources */,
			);
			buildRules = (
			);
			dependencies = (
				C29901F02D56400F001C3E4F /* PBXTargetDependency */,
			);
			fileSystemSynchronizedGroups = (
				C29901F12D56400F001C3E4F /* HexWatchApp Watch AppTests */,
			);
			name = "HexWatchApp Watch AppTests";
			packageProductDependencies = (
			);
			productName = "HexWatchApp Watch AppTests";
			productReference = C29901EE2D56400F001C3E4F /* HexWatchApp Watch AppTests.xctest */;
			productType = "com.apple.product-type.bundle.unit-test";
		};
		C29901F72D56400F001C3E4F /* HexWatchApp Watch AppUITests */ = {
			isa = PBXNativeTarget;
			buildConfigurationList = C299020C2D56400F001C3E4F /* Build configuration list for PBXNativeTarget "HexWatchApp Watch AppUITests" */;
			buildPhases = (
				C29901F42D56400F001C3E4F /* Sources */,
				C29901F52D56400F001C3E4F /* Frameworks */,
				C29901F62D56400F001C3E4F /* Resources */,
			);
			buildRules = (
			);
			dependencies = (
				C29901FA2D56400F001C3E4F /* PBXTargetDependency */,
			);
			fileSystemSynchronizedGroups = (
				C29901FB2D56400F001C3E4F /* HexWatchApp Watch AppUITests */,
			);
			name = "HexWatchApp Watch AppUITests";
			packageProductDependencies = (
			);
			productName = "HexWatchApp Watch AppUITests";
			productReference = C29901F82D56400F001C3E4F /* HexWatchApp Watch AppUITests.xctest */;
			productType = "com.apple.product-type.bundle.ui-testing";
		};
/* End PBXNativeTarget section */

/* Begin PBXProject section */
		C279DB572D5639CB00B6B3DC /* Project object */ = {
			isa = PBXProject;
			attributes = {
				BuildIndependentTargetsInParallel = 1;
				LastSwiftUpdateCheck = 1620;
				LastUpgradeCheck = 1620;
				TargetAttributes = {
					C279DB5E2D5639CB00B6B3DC = {
						CreatedOnToolsVersion = 16.2;
					};
					C279DB712D5639CC00B6B3DC = {
						CreatedOnToolsVersion = 16.2;
						TestTargetID = C279DB5E2D5639CB00B6B3DC;
					};
					C279DB7B2D5639CC00B6B3DC = {
						CreatedOnToolsVersion = 16.2;
						TestTargetID = C279DB5E2D5639CB00B6B3DC;
					};
					C29901DE2D56400E001C3E4F = {
						CreatedOnToolsVersion = 16.2;
					};
					C29901ED2D56400F001C3E4F = {
						CreatedOnToolsVersion = 16.2;
						TestTargetID = C29901DE2D56400E001C3E4F;
					};
					C29901F72D56400F001C3E4F = {
						CreatedOnToolsVersion = 16.2;
						TestTargetID = C29901DE2D56400E001C3E4F;
					};
				};
			};
			buildConfigurationList = C279DB5A2D5639CB00B6B3DC /* Build configuration list for PBXProject "HEXWatch" */;
			developmentRegion = en;
			hasScannedForEncodings = 0;
			knownRegions = (
				en,
				Base,
			);
			mainGroup = C279DB562D5639CB00B6B3DC;
			minimizedProjectReferenceProxies = 1;
			packageReferences = (
				C299020D2D56410F001C3E4F /* XCRemoteSwiftPackageReference "lottie-spm" */,
				C274B31C2D564E06005591F8 /* XCRemoteSwiftPackageReference "firebase-ios-sdk" */,
			);
			preferredProjectObjectVersion = 77;
			productRefGroup = C279DB602D5639CB00B6B3DC /* Products */;
			projectDirPath = "";
			projectRoot = "";
			targets = (
				C279DB5E2D5639CB00B6B3DC /* HEXWatch */,
				C279DB712D5639CC00B6B3DC /* HEXWatchTests */,
				C279DB7B2D5639CC00B6B3DC /* HEXWatchUITests */,
				C29901DE2D56400E001C3E4F /* HexWatchApp Watch App */,
				C29901ED2D56400F001C3E4F /* HexWatchApp Watch AppTests */,
				C29901F72D56400F001C3E4F /* HexWatchApp Watch AppUITests */,
			);
		};
/* End PBXProject section */

/* Begin PBXResourcesBuildPhase section */
		C279DB5D2D5639CB00B6B3DC /* Resources */ = {
			isa = PBXResourcesBuildPhase;
			buildActionMask = 2147483647;
			files = (
				C210B2BE2D568A1F00D32EC1 /* GoogleService-Info.plist in Resources */,
			);
			runOnlyForDeploymentPostprocessing = 0;
		};
		C279DB702D5639CC00B6B3DC /* Resources */ = {
			isa = PBXResourcesBuildPhase;
			buildActionMask = 2147483647;
			files = (
			);
			runOnlyForDeploymentPostprocessing = 0;
		};
		C279DB7A2D5639CC00B6B3DC /* Resources */ = {
			isa = PBXResourcesBuildPhase;
			buildActionMask = 2147483647;
			files = (
			);
			runOnlyForDeploymentPostprocessing = 0;
		};
		C29901DD2D56400E001C3E4F /* Resources */ = {
			isa = PBXResourcesBuildPhase;
			buildActionMask = 2147483647;
			files = (
				C210B2BF2D568A1F00D32EC1 /* GoogleService-Info.plist in Resources */,
			);
			runOnlyForDeploymentPostprocessing = 0;
		};
		C29901EC2D56400F001C3E4F /* Resources */ = {
			isa = PBXResourcesBuildPhase;
			buildActionMask = 2147483647;
			files = (
			);
			runOnlyForDeploymentPostprocessing = 0;
		};
		C29901F62D56400F001C3E4F /* Resources */ = {
			isa = PBXResourcesBuildPhase;
			buildActionMask = 2147483647;
			files = (
			);
			runOnlyForDeploymentPostprocessing = 0;
		};
/* End PBXResourcesBuildPhase section */

/* Begin PBXSourcesBuildPhase section */
		C279DB5B2D5639CB00B6B3DC /* Sources */ = {
			isa = PBXSourcesBuildPhase;
			buildActionMask = 2147483647;
			files = (
			);
			runOnlyForDeploymentPostprocessing = 0;
		};
		C279DB6E2D5639CC00B6B3DC /* Sources */ = {
			isa = PBXSourcesBuildPhase;
			buildActionMask = 2147483647;
			files = (
			);
			runOnlyForDeploymentPostprocessing = 0;
		};
		C279DB782D5639CC00B6B3DC /* Sources */ = {
			isa = PBXSourcesBuildPhase;
			buildActionMask = 2147483647;
			files = (
			);
			runOnlyForDeploymentPostprocessing = 0;
		};
		C29901DB2D56400E001C3E4F /* Sources */ = {
			isa = PBXSourcesBuildPhase;
			buildActionMask = 2147483647;
			files = (
			);
			runOnlyForDeploymentPostprocessing = 0;
		};
		C29901EA2D56400F001C3E4F /* Sources */ = {
			isa = PBXSourcesBuildPhase;
			buildActionMask = 2147483647;
			files = (
			);
			runOnlyForDeploymentPostprocessing = 0;
		};
		C29901F42D56400F001C3E4F /* Sources */ = {
			isa = PBXSourcesBuildPhase;
			buildActionMask = 2147483647;
			files = (
			);
			runOnlyForDeploymentPostprocessing = 0;
		};
/* End PBXSourcesBuildPhase section */

/* Begin PBXTargetDependency section */
		C279DB742D5639CC00B6B3DC /* PBXTargetDependency */ = {
			isa = PBXTargetDependency;
			target = C279DB5E2D5639CB00B6B3DC /* HEXWatch */;
			targetProxy = C279DB732D5639CC00B6B3DC /* PBXContainerItemProxy */;
		};
		C279DB7E2D5639CC00B6B3DC /* PBXTargetDependency */ = {
			isa = PBXTargetDependency;
			target = C279DB5E2D5639CB00B6B3DC /* HEXWatch */;
			targetProxy = C279DB7D2D5639CC00B6B3DC /* PBXContainerItemProxy */;
		};
		C29901F02D56400F001C3E4F /* PBXTargetDependency */ = {
			isa = PBXTargetDependency;
			target = C29901DE2D56400E001C3E4F /* HexWatchApp Watch App */;
			targetProxy = C29901EF2D56400F001C3E4F /* PBXContainerItemProxy */;
		};
		C29901FA2D56400F001C3E4F /* PBXTargetDependency */ = {
			isa = PBXTargetDependency;
			target = C29901DE2D56400E001C3E4F /* HexWatchApp Watch App */;
			targetProxy = C29901F92D56400F001C3E4F /* PBXContainerItemProxy */;
		};
		C29902012D56400F001C3E4F /* PBXTargetDependency */ = {
			isa = PBXTargetDependency;
			target = C29901DE2D56400E001C3E4F /* HexWatchApp Watch App */;
			targetProxy = C29902002D56400F001C3E4F /* PBXContainerItemProxy */;
		};
/* End PBXTargetDependency section */

/* Begin XCBuildConfiguration section */
		C279DB842D5639CC00B6B3DC /* Debug */ = {
			isa = XCBuildConfiguration;
			buildSettings = {
				ALWAYS_SEARCH_USER_PATHS = NO;
				ASSETCATALOG_COMPILER_GENERATE_SWIFT_ASSET_SYMBOL_EXTENSIONS = YES;
				CLANG_ANALYZER_NONNULL = YES;
				CLANG_ANALYZER_NUMBER_OBJECT_CONVERSION = YES_AGGRESSIVE;
				CLANG_CXX_LANGUAGE_STANDARD = "gnu++20";
				CLANG_ENABLE_MODULES = YES;
				CLANG_ENABLE_OBJC_ARC = YES;
				CLANG_ENABLE_OBJC_WEAK = YES;
				CLANG_WARN_BLOCK_CAPTURE_AUTORELEASING = YES;
				CLANG_WARN_BOOL_CONVERSION = YES;
				CLANG_WARN_COMMA = YES;
				CLANG_WARN_CONSTANT_CONVERSION = YES;
				CLANG_WARN_DEPRECATED_OBJC_IMPLEMENTATIONS = YES;
				CLANG_WARN_DIRECT_OBJC_ISA_USAGE = YES_ERROR;
				CLANG_WARN_DOCUMENTATION_COMMENTS = YES;
				CLANG_WARN_EMPTY_BODY = YES;
				CLANG_WARN_ENUM_CONVERSION = YES;
				CLANG_WARN_INFINITE_RECURSION = YES;
				CLANG_WARN_INT_CONVERSION = YES;
				CLANG_WARN_NON_LITERAL_NULL_CONVERSION = YES;
				CLANG_WARN_OBJC_IMPLICIT_RETAIN_SELF = YES;
				CLANG_WARN_OBJC_LITERAL_CONVERSION = YES;
				CLANG_WARN_OBJC_ROOT_CLASS = YES_ERROR;
				CLANG_WARN_QUOTED_INCLUDE_IN_FRAMEWORK_HEADER = YES;
				CLANG_WARN_RANGE_LOOP_ANALYSIS = YES;
				CLANG_WARN_STRICT_PROTOTYPES = YES;
				CLANG_WARN_SUSPICIOUS_MOVE = YES;
				CLANG_WARN_UNGUARDED_AVAILABILITY = YES_AGGRESSIVE;
				CLANG_WARN_UNREACHABLE_CODE = YES;
				CLANG_WARN__DUPLICATE_METHOD_MATCH = YES;
				COPY_PHASE_STRIP = NO;
				DEBUG_INFORMATION_FORMAT = dwarf;
				ENABLE_STRICT_OBJC_MSGSEND = YES;
				ENABLE_TESTABILITY = YES;
				ENABLE_USER_SCRIPT_SANDBOXING = YES;
				GCC_C_LANGUAGE_STANDARD = gnu17;
				GCC_DYNAMIC_NO_PIC = NO;
				GCC_NO_COMMON_BLOCKS = YES;
				GCC_OPTIMIZATION_LEVEL = 0;
				GCC_PREPROCESSOR_DEFINITIONS = (
					"DEBUG=1",
					"$(inherited)",
				);
				GCC_WARN_64_TO_32_BIT_CONVERSION = YES;
				GCC_WARN_ABOUT_RETURN_TYPE = YES_ERROR;
				GCC_WARN_UNDECLARED_SELECTOR = YES;
				GCC_WARN_UNINITIALIZED_AUTOS = YES_AGGRESSIVE;
				GCC_WARN_UNUSED_FUNCTION = YES;
				GCC_WARN_UNUSED_VARIABLE = YES;
				LOCALIZATION_PREFERS_STRING_CATALOGS = YES;
				MTL_ENABLE_DEBUG_INFO = INCLUDE_SOURCE;
				MTL_FAST_MATH = YES;
				ONLY_ACTIVE_ARCH = YES;
				SWIFT_ACTIVE_COMPILATION_CONDITIONS = "DEBUG $(inherited)";
				SWIFT_OPTIMIZATION_LEVEL = "-Onone";
			};
			name = Debug;
		};
		C279DB852D5639CC00B6B3DC /* Release */ = {
			isa = XCBuildConfiguration;
			buildSettings = {
				ALWAYS_SEARCH_USER_PATHS = NO;
				ASSETCATALOG_COMPILER_GENERATE_SWIFT_ASSET_SYMBOL_EXTENSIONS = YES;
				CLANG_ANALYZER_NONNULL = YES;
				CLANG_ANALYZER_NUMBER_OBJECT_CONVERSION = YES_AGGRESSIVE;
				CLANG_CXX_LANGUAGE_STANDARD = "gnu++20";
				CLANG_ENABLE_MODULES = YES;
				CLANG_ENABLE_OBJC_ARC = YES;
				CLANG_ENABLE_OBJC_WEAK = YES;
				CLANG_WARN_BLOCK_CAPTURE_AUTORELEASING = YES;
				CLANG_WARN_BOOL_CONVERSION = YES;
				CLANG_WARN_COMMA = YES;
				CLANG_WARN_CONSTANT_CONVERSION = YES;
				CLANG_WARN_DEPRECATED_OBJC_IMPLEMENTATIONS = YES;
				CLANG_WARN_DIRECT_OBJC_ISA_USAGE = YES_ERROR;
				CLANG_WARN_DOCUMENTATION_COMMENTS = YES;
				CLANG_WARN_EMPTY_BODY = YES;
				CLANG_WARN_ENUM_CONVERSION = YES;
				CLANG_WARN_INFINITE_RECURSION = YES;
				CLANG_WARN_INT_CONVERSION = YES;
				CLANG_WARN_NON_LITERAL_NULL_CONVERSION = YES;
				CLANG_WARN_OBJC_IMPLICIT_RETAIN_SELF = YES;
				CLANG_WARN_OBJC_LITERAL_CONVERSION = YES;
				CLANG_WARN_OBJC_ROOT_CLASS = YES_ERROR;
				CLANG_WARN_QUOTED_INCLUDE_IN_FRAMEWORK_HEADER = YES;
				CLANG_WARN_RANGE_LOOP_ANALYSIS = YES;
				CLANG_WARN_STRICT_PROTOTYPES = YES;
				CLANG_WARN_SUSPICIOUS_MOVE = YES;
				CLANG_WARN_UNGUARDED_AVAILABILITY = YES_AGGRESSIVE;
				CLANG_WARN_UNREACHABLE_CODE = YES;
				CLANG_WARN__DUPLICATE_METHOD_MATCH = YES;
				COPY_PHASE_STRIP = NO;
				DEBUG_INFORMATION_FORMAT = "dwarf-with-dsym";
				ENABLE_NS_ASSERTIONS = NO;
				ENABLE_STRICT_OBJC_MSGSEND = YES;
				ENABLE_USER_SCRIPT_SANDBOXING = YES;
				GCC_C_LANGUAGE_STANDARD = gnu17;
				GCC_NO_COMMON_BLOCKS = YES;
				GCC_WARN_64_TO_32_BIT_CONVERSION = YES;
				GCC_WARN_ABOUT_RETURN_TYPE = YES_ERROR;
				GCC_WARN_UNDECLARED_SELECTOR = YES;
				GCC_WARN_UNINITIALIZED_AUTOS = YES_AGGRESSIVE;
				GCC_WARN_UNUSED_FUNCTION = YES;
				GCC_WARN_UNUSED_VARIABLE = YES;
				LOCALIZATION_PREFERS_STRING_CATALOGS = YES;
				MTL_ENABLE_DEBUG_INFO = NO;
				MTL_FAST_MATH = YES;
				SWIFT_COMPILATION_MODE = wholemodule;
			};
			name = Release;
		};
		C279DB872D5639CC00B6B3DC /* Debug */ = {
			isa = XCBuildConfiguration;
			buildSettings = {
				ASSETCATALOG_COMPILER_APPICON_NAME = AppIcon;
				ASSETCATALOG_COMPILER_GLOBAL_ACCENT_COLOR_NAME = AccentColor;
				CODE_SIGN_ENTITLEMENTS = HEXWatch/HEXWatch.entitlements;
				CODE_SIGN_STYLE = Automatic;
				CURRENT_PROJECT_VERSION = 1;
				DEVELOPMENT_ASSET_PATHS = "\"HEXWatch/Preview Content\"";
				DEVELOPMENT_TEAM = 9N8ZC32DMP;
				ENABLE_HARDENED_RUNTIME = YES;
				ENABLE_PREVIEWS = YES;
				GENERATE_INFOPLIST_FILE = YES;
				INFOPLIST_KEY_NSHealthUpdateUsageDescription = "Needed to provide animations, connecting the app the an external firebase to do so";
				"INFOPLIST_KEY_UIApplicationSceneManifest_Generation[sdk=iphoneos*]" = YES;
				"INFOPLIST_KEY_UIApplicationSceneManifest_Generation[sdk=iphonesimulator*]" = YES;
				"INFOPLIST_KEY_UIApplicationSupportsIndirectInputEvents[sdk=iphoneos*]" = YES;
				"INFOPLIST_KEY_UIApplicationSupportsIndirectInputEvents[sdk=iphonesimulator*]" = YES;
				"INFOPLIST_KEY_UILaunchScreen_Generation[sdk=iphoneos*]" = YES;
				"INFOPLIST_KEY_UILaunchScreen_Generation[sdk=iphonesimulator*]" = YES;
				"INFOPLIST_KEY_UIStatusBarStyle[sdk=iphoneos*]" = UIStatusBarStyleDefault;
				"INFOPLIST_KEY_UIStatusBarStyle[sdk=iphonesimulator*]" = UIStatusBarStyleDefault;
				INFOPLIST_KEY_UISupportedInterfaceOrientations_iPad = "UIInterfaceOrientationPortrait UIInterfaceOrientationPortraitUpsideDown UIInterfaceOrientationLandscapeLeft UIInterfaceOrientationLandscapeRight";
				INFOPLIST_KEY_UISupportedInterfaceOrientations_iPhone = "UIInterfaceOrientationPortrait UIInterfaceOrientationLandscapeLeft UIInterfaceOrientationLandscapeRight";
				IPHONEOS_DEPLOYMENT_TARGET = 18.2;
				LD_RUNPATH_SEARCH_PATHS = "@executable_path/Frameworks";
				"LD_RUNPATH_SEARCH_PATHS[sdk=macosx*]" = "@executable_path/../Frameworks";
				MACOSX_DEPLOYMENT_TARGET = 14.0;
				MARKETING_VERSION = 1.0;
				PRODUCT_BUNDLE_IDENTIFIER = com.hexwatch.app;
				PRODUCT_NAME = "$(TARGET_NAME)";
				SDKROOT = auto;
				SUPPORTED_PLATFORMS = "iphoneos iphonesimulator macosx xros xrsimulator";
				SWIFT_EMIT_LOC_STRINGS = YES;
				SWIFT_VERSION = 5.0;
				TARGETED_DEVICE_FAMILY = "1,2,7";
				XROS_DEPLOYMENT_TARGET = 2.2;
			};
			name = Debug;
		};
		C279DB882D5639CC00B6B3DC /* Release */ = {
			isa = XCBuildConfiguration;
			buildSettings = {
				ASSETCATALOG_COMPILER_APPICON_NAME = AppIcon;
				ASSETCATALOG_COMPILER_GLOBAL_ACCENT_COLOR_NAME = AccentColor;
				CODE_SIGN_ENTITLEMENTS = HEXWatch/HEXWatch.entitlements;
				CODE_SIGN_STYLE = Automatic;
				CURRENT_PROJECT_VERSION = 1;
				DEVELOPMENT_ASSET_PATHS = "\"HEXWatch/Preview Content\"";
				DEVELOPMENT_TEAM = 9N8ZC32DMP;
				ENABLE_HARDENED_RUNTIME = YES;
				ENABLE_PREVIEWS = YES;
				GENERATE_INFOPLIST_FILE = YES;
				INFOPLIST_KEY_NSHealthUpdateUsageDescription = "Needed to provide animations, connecting the app the an external firebase to do so";
				"INFOPLIST_KEY_UIApplicationSceneManifest_Generation[sdk=iphoneos*]" = YES;
				"INFOPLIST_KEY_UIApplicationSceneManifest_Generation[sdk=iphonesimulator*]" = YES;
				"INFOPLIST_KEY_UIApplicationSupportsIndirectInputEvents[sdk=iphoneos*]" = YES;
				"INFOPLIST_KEY_UIApplicationSupportsIndirectInputEvents[sdk=iphonesimulator*]" = YES;
				"INFOPLIST_KEY_UILaunchScreen_Generation[sdk=iphoneos*]" = YES;
				"INFOPLIST_KEY_UILaunchScreen_Generation[sdk=iphonesimulator*]" = YES;
				"INFOPLIST_KEY_UIStatusBarStyle[sdk=iphoneos*]" = UIStatusBarStyleDefault;
				"INFOPLIST_KEY_UIStatusBarStyle[sdk=iphonesimulator*]" = UIStatusBarStyleDefault;
				INFOPLIST_KEY_UISupportedInterfaceOrientations_iPad = "UIInterfaceOrientationPortrait UIInterfaceOrientationPortraitUpsideDown UIInterfaceOrientationLandscapeLeft UIInterfaceOrientationLandscapeRight";
				INFOPLIST_KEY_UISupportedInterfaceOrientations_iPhone = "UIInterfaceOrientationPortrait UIInterfaceOrientationLandscapeLeft UIInterfaceOrientationLandscapeRight";
				IPHONEOS_DEPLOYMENT_TARGET = 18.2;
				LD_RUNPATH_SEARCH_PATHS = "@executable_path/Frameworks";
				"LD_RUNPATH_SEARCH_PATHS[sdk=macosx*]" = "@executable_path/../Frameworks";
				MACOSX_DEPLOYMENT_TARGET = 14.0;
				MARKETING_VERSION = 1.0;
				PRODUCT_BUNDLE_IDENTIFIER = com.hexwatch.app;
				PRODUCT_NAME = "$(TARGET_NAME)";
				SDKROOT = auto;
				SUPPORTED_PLATFORMS = "iphoneos iphonesimulator macosx xros xrsimulator";
				SWIFT_EMIT_LOC_STRINGS = YES;
				SWIFT_VERSION = 5.0;
				TARGETED_DEVICE_FAMILY = "1,2,7";
				XROS_DEPLOYMENT_TARGET = 2.2;
			};
			name = Release;
		};
		C279DB8A2D5639CC00B6B3DC /* Debug */ = {
			isa = XCBuildConfiguration;
			buildSettings = {
				BUNDLE_LOADER = "$(TEST_HOST)";
				CODE_SIGN_STYLE = Automatic;
				CURRENT_PROJECT_VERSION = 1;
				DEVELOPMENT_TEAM = 9N8ZC32DMP;
				GENERATE_INFOPLIST_FILE = YES;
				IPHONEOS_DEPLOYMENT_TARGET = 18.2;
				MACOSX_DEPLOYMENT_TARGET = 15.2;
				MARKETING_VERSION = 1.0;
				PRODUCT_BUNDLE_IDENTIFIER = com.hexwatch.HEXWatchTests;
				PRODUCT_NAME = "$(TARGET_NAME)";
				SDKROOT = auto;
				SUPPORTED_PLATFORMS = "iphoneos iphonesimulator macosx xros xrsimulator";
				SWIFT_EMIT_LOC_STRINGS = NO;
				SWIFT_VERSION = 5.0;
				TARGETED_DEVICE_FAMILY = "1,2,7";
				TEST_HOST = "$(BUILT_PRODUCTS_DIR)/HEXWatch.app/$(BUNDLE_EXECUTABLE_FOLDER_PATH)/HEXWatch";
				XROS_DEPLOYMENT_TARGET = 2.2;
			};
			name = Debug;
		};
		C279DB8B2D5639CC00B6B3DC /* Release */ = {
			isa = XCBuildConfiguration;
			buildSettings = {
				BUNDLE_LOADER = "$(TEST_HOST)";
				CODE_SIGN_STYLE = Automatic;
				CURRENT_PROJECT_VERSION = 1;
				DEVELOPMENT_TEAM = 9N8ZC32DMP;
				GENERATE_INFOPLIST_FILE = YES;
				IPHONEOS_DEPLOYMENT_TARGET = 18.2;
				MACOSX_DEPLOYMENT_TARGET = 15.2;
				MARKETING_VERSION = 1.0;
				PRODUCT_BUNDLE_IDENTIFIER = com.hexwatch.HEXWatchTests;
				PRODUCT_NAME = "$(TARGET_NAME)";
				SDKROOT = auto;
				SUPPORTED_PLATFORMS = "iphoneos iphonesimulator macosx xros xrsimulator";
				SWIFT_EMIT_LOC_STRINGS = NO;
				SWIFT_VERSION = 5.0;
				TARGETED_DEVICE_FAMILY = "1,2,7";
				TEST_HOST = "$(BUILT_PRODUCTS_DIR)/HEXWatch.app/$(BUNDLE_EXECUTABLE_FOLDER_PATH)/HEXWatch";
				XROS_DEPLOYMENT_TARGET = 2.2;
			};
			name = Release;
		};
		C279DB8D2D5639CC00B6B3DC /* Debug */ = {
			isa = XCBuildConfiguration;
			buildSettings = {
				CODE_SIGN_STYLE = Automatic;
				CURRENT_PROJECT_VERSION = 1;
				DEVELOPMENT_TEAM = 9N8ZC32DMP;
				GENERATE_INFOPLIST_FILE = YES;
				IPHONEOS_DEPLOYMENT_TARGET = 18.2;
				MACOSX_DEPLOYMENT_TARGET = 15.2;
				MARKETING_VERSION = 1.0;
				PRODUCT_BUNDLE_IDENTIFIER = com.hexwatch.HEXWatchUITests;
				PRODUCT_NAME = "$(TARGET_NAME)";
				SDKROOT = auto;
				SUPPORTED_PLATFORMS = "iphoneos iphonesimulator macosx xros xrsimulator";
				SWIFT_EMIT_LOC_STRINGS = NO;
				SWIFT_VERSION = 5.0;
				TARGETED_DEVICE_FAMILY = "1,2,7";
				TEST_TARGET_NAME = HEXWatch;
				XROS_DEPLOYMENT_TARGET = 2.2;
			};
			name = Debug;
		};
		C279DB8E2D5639CC00B6B3DC /* Release */ = {
			isa = XCBuildConfiguration;
			buildSettings = {
				CODE_SIGN_STYLE = Automatic;
				CURRENT_PROJECT_VERSION = 1;
				DEVELOPMENT_TEAM = 9N8ZC32DMP;
				GENERATE_INFOPLIST_FILE = YES;
				IPHONEOS_DEPLOYMENT_TARGET = 18.2;
				MACOSX_DEPLOYMENT_TARGET = 15.2;
				MARKETING_VERSION = 1.0;
				PRODUCT_BUNDLE_IDENTIFIER = com.hexwatch.HEXWatchUITests;
				PRODUCT_NAME = "$(TARGET_NAME)";
				SDKROOT = auto;
				SUPPORTED_PLATFORMS = "iphoneos iphonesimulator macosx xros xrsimulator";
				SWIFT_EMIT_LOC_STRINGS = NO;
				SWIFT_VERSION = 5.0;
				TARGETED_DEVICE_FAMILY = "1,2,7";
				TEST_TARGET_NAME = HEXWatch;
				XROS_DEPLOYMENT_TARGET = 2.2;
			};
			name = Release;
		};
		C29902042D56400F001C3E4F /* Debug */ = {
			isa = XCBuildConfiguration;
			buildSettings = {
				ASSETCATALOG_COMPILER_APPICON_NAME = AppIcon;
				ASSETCATALOG_COMPILER_GLOBAL_ACCENT_COLOR_NAME = AccentColor;
				CODE_SIGN_ENTITLEMENTS = "HexWatchApp Watch App/HexWatchApp Watch App.entitlements";
				CODE_SIGN_STYLE = Automatic;
				CURRENT_PROJECT_VERSION = 1;
				DEVELOPMENT_ASSET_PATHS = "\"HexWatchApp Watch App/Preview Content\"";
				DEVELOPMENT_TEAM = 9N8ZC32DMP;
				ENABLE_PREVIEWS = YES;
				GENERATE_INFOPLIST_FILE = YES;
				INFOPLIST_FILE = "HexWatchApp-Watch-App-Info.plist";
				INFOPLIST_KEY_CFBundleDisplayName = HexWatchApp;
				INFOPLIST_KEY_NSHealthShareUsageDescription = "Needed to share with firebase to create an animation";
				INFOPLIST_KEY_NSHealthUpdateUsageDescription = "Needed permiss to provide animations, connecting the app the an external firebase to do so";
				INFOPLIST_KEY_UISupportedInterfaceOrientations = "UIInterfaceOrientationPortrait UIInterfaceOrientationPortraitUpsideDown";
				INFOPLIST_KEY_WKCompanionAppBundleIdentifier = com.hexwatch.app;
				INFOPLIST_KEY_WKRunsIndependentlyOfCompanionApp = YES;
				LD_RUNPATH_SEARCH_PATHS = (
					"$(inherited)",
					"@executable_path/Frameworks",
				);
				MARKETING_VERSION = 1.0;
				PRODUCT_BUNDLE_IDENTIFIER = com.hexwatch.app.watchkitapp;
				PRODUCT_NAME = "$(TARGET_NAME)";
				SDKROOT = watchos;
				SKIP_INSTALL = YES;
				SWIFT_EMIT_LOC_STRINGS = YES;
				SWIFT_VERSION = 5.0;
				TARGETED_DEVICE_FAMILY = 4;
				WATCHOS_DEPLOYMENT_TARGET = 10.6;
			};
			name = Debug;
		};
		C29902052D56400F001C3E4F /* Release */ = {
			isa = XCBuildConfiguration;
			buildSettings = {
				ASSETCATALOG_COMPILER_APPICON_NAME = AppIcon;
				ASSETCATALOG_COMPILER_GLOBAL_ACCENT_COLOR_NAME = AccentColor;
				CODE_SIGN_ENTITLEMENTS = "HexWatchApp Watch App/HexWatchApp Watch App.entitlements";
				CODE_SIGN_STYLE = Automatic;
				CURRENT_PROJECT_VERSION = 1;
				DEVELOPMENT_ASSET_PATHS = "\"HexWatchApp Watch App/Preview Content\"";
				DEVELOPMENT_TEAM = 9N8ZC32DMP;
				ENABLE_PREVIEWS = YES;
				GENERATE_INFOPLIST_FILE = YES;
				INFOPLIST_FILE = "HexWatchApp-Watch-App-Info.plist";
				INFOPLIST_KEY_CFBundleDisplayName = HexWatchApp;
				INFOPLIST_KEY_NSHealthShareUsageDescription = "Needed to share with firebase to create an animation";
				INFOPLIST_KEY_NSHealthUpdateUsageDescription = "Needed permiss to provide animations, connecting the app the an external firebase to do so";
				INFOPLIST_KEY_UISupportedInterfaceOrientations = "UIInterfaceOrientationPortrait UIInterfaceOrientationPortraitUpsideDown";
				INFOPLIST_KEY_WKCompanionAppBundleIdentifier = com.hexwatch.app;
				INFOPLIST_KEY_WKRunsIndependentlyOfCompanionApp = YES;
				LD_RUNPATH_SEARCH_PATHS = (
					"$(inherited)",
					"@executable_path/Frameworks",
				);
				MARKETING_VERSION = 1.0;
				PRODUCT_BUNDLE_IDENTIFIER = com.hexwatch.app.watchkitapp;
				PRODUCT_NAME = "$(TARGET_NAME)";
				SDKROOT = watchos;
				SKIP_INSTALL = YES;
				SWIFT_EMIT_LOC_STRINGS = YES;
				SWIFT_VERSION = 5.0;
				TARGETED_DEVICE_FAMILY = 4;
				VALIDATE_PRODUCT = YES;
				WATCHOS_DEPLOYMENT_TARGET = 10.6;
			};
			name = Release;
		};
		C29902062D56400F001C3E4F /* Debug */ = {
			isa = XCBuildConfiguration;
			buildSettings = {
				BUNDLE_LOADER = "$(TEST_HOST)";
				CODE_SIGN_STYLE = Automatic;
				CURRENT_PROJECT_VERSION = 1;
				DEVELOPMENT_TEAM = 9N8ZC32DMP;
				GENERATE_INFOPLIST_FILE = YES;
				MARKETING_VERSION = 1.0;
				PRODUCT_BUNDLE_IDENTIFIER = "com.hexwatch.HexWatchApp-Watch-AppTests";
				PRODUCT_NAME = "$(TARGET_NAME)";
				SDKROOT = watchos;
				SWIFT_EMIT_LOC_STRINGS = NO;
				SWIFT_VERSION = 5.0;
				TARGETED_DEVICE_FAMILY = 4;
				TEST_HOST = "$(BUILT_PRODUCTS_DIR)/HexWatchApp Watch App.app/$(BUNDLE_EXECUTABLE_FOLDER_PATH)/HexWatchApp Watch App";
				WATCHOS_DEPLOYMENT_TARGET = 11.2;
			};
			name = Debug;
		};
		C29902072D56400F001C3E4F /* Release */ = {
			isa = XCBuildConfiguration;
			buildSettings = {
				BUNDLE_LOADER = "$(TEST_HOST)";
				CODE_SIGN_STYLE = Automatic;
				CURRENT_PROJECT_VERSION = 1;
				DEVELOPMENT_TEAM = 9N8ZC32DMP;
				GENERATE_INFOPLIST_FILE = YES;
				MARKETING_VERSION = 1.0;
				PRODUCT_BUNDLE_IDENTIFIER = "com.hexwatch.HexWatchApp-Watch-AppTests";
				PRODUCT_NAME = "$(TARGET_NAME)";
				SDKROOT = watchos;
				SWIFT_EMIT_LOC_STRINGS = NO;
				SWIFT_VERSION = 5.0;
				TARGETED_DEVICE_FAMILY = 4;
				TEST_HOST = "$(BUILT_PRODUCTS_DIR)/HexWatchApp Watch App.app/$(BUNDLE_EXECUTABLE_FOLDER_PATH)/HexWatchApp Watch App";
				VALIDATE_PRODUCT = YES;
				WATCHOS_DEPLOYMENT_TARGET = 11.2;
			};
			name = Release;
		};
		C29902082D56400F001C3E4F /* Debug */ = {
			isa = XCBuildConfiguration;
			buildSettings = {
				CODE_SIGN_STYLE = Automatic;
				CURRENT_PROJECT_VERSION = 1;
				DEVELOPMENT_TEAM = 9N8ZC32DMP;
				GENERATE_INFOPLIST_FILE = YES;
				MARKETING_VERSION = 1.0;
				PRODUCT_BUNDLE_IDENTIFIER = "com.hexwatch.HexWatchApp-Watch-AppUITests";
				PRODUCT_NAME = "$(TARGET_NAME)";
				SDKROOT = watchos;
				SWIFT_EMIT_LOC_STRINGS = NO;
				SWIFT_VERSION = 5.0;
				TARGETED_DEVICE_FAMILY = 4;
				TEST_TARGET_NAME = "HexWatchApp Watch App";
				WATCHOS_DEPLOYMENT_TARGET = 11.2;
			};
			name = Debug;
		};
		C29902092D56400F001C3E4F /* Release */ = {
			isa = XCBuildConfiguration;
			buildSettings = {
				CODE_SIGN_STYLE = Automatic;
				CURRENT_PROJECT_VERSION = 1;
				DEVELOPMENT_TEAM = 9N8ZC32DMP;
				GENERATE_INFOPLIST_FILE = YES;
				MARKETING_VERSION = 1.0;
				PRODUCT_BUNDLE_IDENTIFIER = "com.hexwatch.HexWatchApp-Watch-AppUITests";
				PRODUCT_NAME = "$(TARGET_NAME)";
				SDKROOT = watchos;
				SWIFT_EMIT_LOC_STRINGS = NO;
				SWIFT_VERSION = 5.0;
				TARGETED_DEVICE_FAMILY = 4;
				TEST_TARGET_NAME = "HexWatchApp Watch App";
				VALIDATE_PRODUCT = YES;
				WATCHOS_DEPLOYMENT_TARGET = 11.2;
			};
			name = Release;
		};
/* End XCBuildConfiguration section */

/* Begin XCConfigurationList section */
		C279DB5A2D5639CB00B6B3DC /* Build configuration list for PBXProject "HEXWatch" */ = {
			isa = XCConfigurationList;
			buildConfigurations = (
				C279DB842D5639CC00B6B3DC /* Debug */,
				C279DB852D5639CC00B6B3DC /* Release */,
			);
			defaultConfigurationIsVisible = 0;
			defaultConfigurationName = Release;
		};
		C279DB862D5639CC00B6B3DC /* Build configuration list for PBXNativeTarget "HEXWatch" */ = {
			isa = XCConfigurationList;
			buildConfigurations = (
				C279DB872D5639CC00B6B3DC /* Debug */,
				C279DB882D5639CC00B6B3DC /* Release */,
			);
			defaultConfigurationIsVisible = 0;
			defaultConfigurationName = Release;
		};
		C279DB892D5639CC00B6B3DC /* Build configuration list for PBXNativeTarget "HEXWatchTests" */ = {
			isa = XCConfigurationList;
			buildConfigurations = (
				C279DB8A2D5639CC00B6B3DC /* Debug */,
				C279DB8B2D5639CC00B6B3DC /* Release */,
			);
			defaultConfigurationIsVisible = 0;
			defaultConfigurationName = Release;
		};
		C279DB8C2D5639CC00B6B3DC /* Build configuration list for PBXNativeTarget "HEXWatchUITests" */ = {
			isa = XCConfigurationList;
			buildConfigurations = (
				C279DB8D2D5639CC00B6B3DC /* Debug */,
				C279DB8E2D5639CC00B6B3DC /* Release */,
			);
			defaultConfigurationIsVisible = 0;
			defaultConfigurationName = Release;
		};
		C299020A2D56400F001C3E4F /* Build configuration list for PBXNativeTarget "HexWatchApp Watch App" */ = {
			isa = XCConfigurationList;
			buildConfigurations = (
				C29902042D56400F001C3E4F /* Debug */,
				C29902052D56400F001C3E4F /* Release */,
			);
			defaultConfigurationIsVisible = 0;
			defaultConfigurationName = Release;
		};
		C299020B2D56400F001C3E4F /* Build configuration list for PBXNativeTarget "HexWatchApp Watch AppTests" */ = {
			isa = XCConfigurationList;
			buildConfigurations = (
				C29902062D56400F001C3E4F /* Debug */,
				C29902072D56400F001C3E4F /* Release */,
			);
			defaultConfigurationIsVisible = 0;
			defaultConfigurationName = Release;
		};
		C299020C2D56400F001C3E4F /* Build configuration list for PBXNativeTarget "HexWatchApp Watch AppUITests" */ = {
			isa = XCConfigurationList;
			buildConfigurations = (
				C29902082D56400F001C3E4F /* Debug */,
				C29902092D56400F001C3E4F /* Release */,
			);
			defaultConfigurationIsVisible = 0;
			defaultConfigurationName = Release;
		};
/* End XCConfigurationList section */

/* Begin XCRemoteSwiftPackageReference section */
		C274B31C2D564E06005591F8 /* XCRemoteSwiftPackageReference "firebase-ios-sdk" */ = {
			isa = XCRemoteSwiftPackageReference;
			repositoryURL = "https://github.com/firebase/firebase-ios-sdk";
			requirement = {
				kind = upToNextMajorVersion;
				minimumVersion = 11.8.1;
			};
		};
		C299020D2D56410F001C3E4F /* XCRemoteSwiftPackageReference "lottie-spm" */ = {
			isa = XCRemoteSwiftPackageReference;
			repositoryURL = "https://github.com/airbnb/lottie-spm";
			requirement = {
				kind = upToNextMajorVersion;
				minimumVersion = 4.5.1;
			};
		};
/* End XCRemoteSwiftPackageReference section */

/* Begin XCSwiftPackageProductDependency section */
		C274B31D2D564E06005591F8 /* FirebaseAnalytics */ = {
			isa = XCSwiftPackageProductDependency;
			package = C274B31C2D564E06005591F8 /* XCRemoteSwiftPackageReference "firebase-ios-sdk" */;
			productName = FirebaseAnalytics;
		};
		C274B31F2D564E06005591F8 /* FirebaseAnalyticsOnDeviceConversion */ = {
			isa = XCSwiftPackageProductDependency;
			package = C274B31C2D564E06005591F8 /* XCRemoteSwiftPackageReference "firebase-ios-sdk" */;
			productName = FirebaseAnalyticsOnDeviceConversion;
		};
		C274B3212D564E06005591F8 /* FirebaseAnalyticsWithoutAdIdSupport */ = {
			isa = XCSwiftPackageProductDependency;
			package = C274B31C2D564E06005591F8 /* XCRemoteSwiftPackageReference "firebase-ios-sdk" */;
			productName = FirebaseAnalyticsWithoutAdIdSupport;
		};
		C274B3232D564E06005591F8 /* FirebaseAppCheck */ = {
			isa = XCSwiftPackageProductDependency;
			package = C274B31C2D564E06005591F8 /* XCRemoteSwiftPackageReference "firebase-ios-sdk" */;
			productName = FirebaseAppCheck;
		};
		C274B3252D564E06005591F8 /* FirebaseAppDistribution-Beta */ = {
			isa = XCSwiftPackageProductDependency;
			package = C274B31C2D564E06005591F8 /* XCRemoteSwiftPackageReference "firebase-ios-sdk" */;
			productName = "FirebaseAppDistribution-Beta";
		};
		C274B3272D564E06005591F8 /* FirebaseAuth */ = {
			isa = XCSwiftPackageProductDependency;
			package = C274B31C2D564E06005591F8 /* XCRemoteSwiftPackageReference "firebase-ios-sdk" */;
			productName = FirebaseAuth;
		};
		C274B3292D564E06005591F8 /* FirebaseAuthCombine-Community */ = {
			isa = XCSwiftPackageProductDependency;
			package = C274B31C2D564E06005591F8 /* XCRemoteSwiftPackageReference "firebase-ios-sdk" */;
			productName = "FirebaseAuthCombine-Community";
		};
		C274B32B2D564E06005591F8 /* FirebaseCore */ = {
			isa = XCSwiftPackageProductDependency;
			package = C274B31C2D564E06005591F8 /* XCRemoteSwiftPackageReference "firebase-ios-sdk" */;
			productName = FirebaseCore;
		};
		C274B32D2D564E06005591F8 /* FirebaseCrashlytics */ = {
			isa = XCSwiftPackageProductDependency;
			package = C274B31C2D564E06005591F8 /* XCRemoteSwiftPackageReference "firebase-ios-sdk" */;
			productName = FirebaseCrashlytics;
		};
		C274B32F2D564E06005591F8 /* FirebaseDatabase */ = {
			isa = XCSwiftPackageProductDependency;
			package = C274B31C2D564E06005591F8 /* XCRemoteSwiftPackageReference "firebase-ios-sdk" */;
			productName = FirebaseDatabase;
		};
		C274B3312D564E06005591F8 /* FirebaseDynamicLinks */ = {
			isa = XCSwiftPackageProductDependency;
			package = C274B31C2D564E06005591F8 /* XCRemoteSwiftPackageReference "firebase-ios-sdk" */;
			productName = FirebaseDynamicLinks;
		};
		C274B3332D564E06005591F8 /* FirebaseFirestore */ = {
			isa = XCSwiftPackageProductDependency;
			package = C274B31C2D564E06005591F8 /* XCRemoteSwiftPackageReference "firebase-ios-sdk" */;
			productName = FirebaseFirestore;
		};
		C274B3352D564E06005591F8 /* FirebaseFirestoreCombine-Community */ = {
			isa = XCSwiftPackageProductDependency;
			package = C274B31C2D564E06005591F8 /* XCRemoteSwiftPackageReference "firebase-ios-sdk" */;
			productName = "FirebaseFirestoreCombine-Community";
		};
		C274B3372D564E06005591F8 /* FirebaseFunctions */ = {
			isa = XCSwiftPackageProductDependency;
			package = C274B31C2D564E06005591F8 /* XCRemoteSwiftPackageReference "firebase-ios-sdk" */;
			productName = FirebaseFunctions;
		};
		C274B3392D564E06005591F8 /* FirebaseFunctionsCombine-Community */ = {
			isa = XCSwiftPackageProductDependency;
			package = C274B31C2D564E06005591F8 /* XCRemoteSwiftPackageReference "firebase-ios-sdk" */;
			productName = "FirebaseFunctionsCombine-Community";
		};
		C274B33B2D564E06005591F8 /* FirebaseInAppMessaging-Beta */ = {
			isa = XCSwiftPackageProductDependency;
			package = C274B31C2D564E06005591F8 /* XCRemoteSwiftPackageReference "firebase-ios-sdk" */;
			productName = "FirebaseInAppMessaging-Beta";
		};
		C274B33D2D564E06005591F8 /* FirebaseInstallations */ = {
			isa = XCSwiftPackageProductDependency;
			package = C274B31C2D564E06005591F8 /* XCRemoteSwiftPackageReference "firebase-ios-sdk" */;
			productName = FirebaseInstallations;
		};
		C274B33F2D564E07005591F8 /* FirebaseMLModelDownloader */ = {
			isa = XCSwiftPackageProductDependency;
			package = C274B31C2D564E06005591F8 /* XCRemoteSwiftPackageReference "firebase-ios-sdk" */;
			productName = FirebaseMLModelDownloader;
		};
		C274B3412D564E07005591F8 /* FirebaseMessaging */ = {
			isa = XCSwiftPackageProductDependency;
			package = C274B31C2D564E06005591F8 /* XCRemoteSwiftPackageReference "firebase-ios-sdk" */;
			productName = FirebaseMessaging;
		};
		C274B3432D564E07005591F8 /* FirebasePerformance */ = {
			isa = XCSwiftPackageProductDependency;
			package = C274B31C2D564E06005591F8 /* XCRemoteSwiftPackageReference "firebase-ios-sdk" */;
			productName = FirebasePerformance;
		};
		C274B3452D564E07005591F8 /* FirebaseRemoteConfig */ = {
			isa = XCSwiftPackageProductDependency;
			package = C274B31C2D564E06005591F8 /* XCRemoteSwiftPackageReference "firebase-ios-sdk" */;
			productName = FirebaseRemoteConfig;
		};
		C274B3472D564E07005591F8 /* FirebaseStorage */ = {
			isa = XCSwiftPackageProductDependency;
			package = C274B31C2D564E06005591F8 /* XCRemoteSwiftPackageReference "firebase-ios-sdk" */;
			productName = FirebaseStorage;
		};
		C274B3492D564E07005591F8 /* FirebaseStorageCombine-Community */ = {
			isa = XCSwiftPackageProductDependency;
			package = C274B31C2D564E06005591F8 /* XCRemoteSwiftPackageReference "firebase-ios-sdk" */;
			productName = "FirebaseStorageCombine-Community";
		};
		C274B34B2D564E07005591F8 /* FirebaseVertexAI */ = {
			isa = XCSwiftPackageProductDependency;
			package = C274B31C2D564E06005591F8 /* XCRemoteSwiftPackageReference "firebase-ios-sdk" */;
			productName = FirebaseVertexAI;
		};
		C274B3522D564F1A005591F8 /* FirebaseCore */ = {
			isa = XCSwiftPackageProductDependency;
			package = C274B31C2D564E06005591F8 /* XCRemoteSwiftPackageReference "firebase-ios-sdk" */;
			productName = FirebaseCore;
		};
		C274B3542D564F22005591F8 /* FirebaseDatabase */ = {
			isa = XCSwiftPackageProductDependency;
			package = C274B31C2D564E06005591F8 /* XCRemoteSwiftPackageReference "firebase-ios-sdk" */;
			productName = FirebaseDatabase;
		};
		C299020E2D56410F001C3E4F /* Lottie */ = {
			isa = XCSwiftPackageProductDependency;
			package = C299020D2D56410F001C3E4F /* XCRemoteSwiftPackageReference "lottie-spm" */;
			productName = Lottie;
		};
/* End XCSwiftPackageProductDependency section */
	};
	rootObject = C279DB572D5639CB00B6B3DC /* Project object */;
}
